// !$*UTF8*$!
{
	archiveVersion = 1;
	classes = {
	};
	objectVersion = 46;
	objects = {

/* Begin PBXBuildFile section */
		939CC0541EAB2ED400FA795E /* SwiftyBolts.framework in Frameworks */ = {isa = PBXBuildFile; fileRef = 939CC04A1EAB2ED400FA795E /* SwiftyBolts.framework */; };
		939CC0591EAB2ED400FA795E /* SwiftyBoltsTests.swift in Sources */ = {isa = PBXBuildFile; fileRef = 939CC0581EAB2ED400FA795E /* SwiftyBoltsTests.swift */; };
		939CC05B1EAB2ED400FA795E /* SwiftyBolts.h in Headers */ = {isa = PBXBuildFile; fileRef = 939CC04D1EAB2ED400FA795E /* SwiftyBolts.h */; settings = {ATTRIBUTES = (Public, ); }; };
		939CC0671EAB396A00FA795E /* Bolts.framework in Frameworks */ = {isa = PBXBuildFile; fileRef = 939CC0661EAB396A00FA795E /* Bolts.framework */; };
		939CC06B1EAB397E00FA795E /* SwiftyBolts.swift in Sources */ = {isa = PBXBuildFile; fileRef = 939CC06A1EAB397E00FA795E /* SwiftyBolts.swift */; };
/* End PBXBuildFile section */

/* Begin PBXContainerItemProxy section */
		939CC0551EAB2ED400FA795E /* PBXContainerItemProxy */ = {
			isa = PBXContainerItemProxy;
			containerPortal = 939CC0411EAB2ED400FA795E /* Project object */;
			proxyType = 1;
			remoteGlobalIDString = 939CC0491EAB2ED400FA795E;
			remoteInfo = SwiftyBolts;
		};
/* End PBXContainerItemProxy section */

/* Begin PBXFileReference section */
		939CC04A1EAB2ED400FA795E /* SwiftyBolts.framework */ = {isa = PBXFileReference; explicitFileType = wrapper.framework; includeInIndex = 0; path = SwiftyBolts.framework; sourceTree = BUILT_PRODUCTS_DIR; };
		939CC04D1EAB2ED400FA795E /* SwiftyBolts.h */ = {isa = PBXFileReference; lastKnownFileType = sourcecode.c.h; path = SwiftyBolts.h; sourceTree = "<group>"; };
		939CC04E1EAB2ED400FA795E /* Info.plist */ = {isa = PBXFileReference; lastKnownFileType = text.plist.xml; path = Info.plist; sourceTree = "<group>"; };
		939CC0531EAB2ED400FA795E /* SwiftyBoltsTests.xctest */ = {isa = PBXFileReference; explicitFileType = wrapper.cfbundle; includeInIndex = 0; path = SwiftyBoltsTests.xctest; sourceTree = BUILT_PRODUCTS_DIR; };
		939CC0581EAB2ED400FA795E /* SwiftyBoltsTests.swift */ = {isa = PBXFileReference; lastKnownFileType = sourcecode.swift; path = SwiftyBoltsTests.swift; sourceTree = "<group>"; };
		939CC05A1EAB2ED400FA795E /* Info.plist */ = {isa = PBXFileReference; lastKnownFileType = text.plist.xml; path = Info.plist; sourceTree = "<group>"; };
		939CC0661EAB396A00FA795E /* Bolts.framework */ = {isa = PBXFileReference; lastKnownFileType = wrapper.framework; name = Bolts.framework; path = Carthage/Build/iOS/Bolts.framework; sourceTree = "<group>"; };
		939CC06A1EAB397E00FA795E /* SwiftyBolts.swift */ = {isa = PBXFileReference; fileEncoding = 4; lastKnownFileType = sourcecode.swift; path = SwiftyBolts.swift; sourceTree = "<group>"; };
/* End PBXFileReference section */

/* Begin PBXFrameworksBuildPhase section */
		939CC0461EAB2ED400FA795E /* Frameworks */ = {
			isa = PBXFrameworksBuildPhase;
			buildActionMask = 2147483647;
			files = (
				939CC0671EAB396A00FA795E /* Bolts.framework in Frameworks */,
			);
			runOnlyForDeploymentPostprocessing = 0;
		};
		939CC0501EAB2ED400FA795E /* Frameworks */ = {
			isa = PBXFrameworksBuildPhase;
			buildActionMask = 2147483647;
			files = (
				939CC0541EAB2ED400FA795E /* SwiftyBolts.framework in Frameworks */,
			);
			runOnlyForDeploymentPostprocessing = 0;
		};
/* End PBXFrameworksBuildPhase section */

/* Begin PBXGroup section */
		939CC0401EAB2ED400FA795E = {
			isa = PBXGroup;
			children = (
				939CC04C1EAB2ED400FA795E /* SwiftyBolts */,
				939CC0571EAB2ED400FA795E /* SwiftyBoltsTests */,
				939CC04B1EAB2ED400FA795E /* Products */,
				939CC0651EAB396A00FA795E /* Frameworks */,
			);
			sourceTree = "<group>";
		};
		939CC04B1EAB2ED400FA795E /* Products */ = {
			isa = PBXGroup;
			children = (
				939CC04A1EAB2ED400FA795E /* SwiftyBolts.framework */,
				939CC0531EAB2ED400FA795E /* SwiftyBoltsTests.xctest */,
			);
			name = Products;
			sourceTree = "<group>";
		};
		939CC04C1EAB2ED400FA795E /* SwiftyBolts */ = {
			isa = PBXGroup;
			children = (
				939CC0681EAB397E00FA795E /* Sources */,
				939CC04D1EAB2ED400FA795E /* SwiftyBolts.h */,
				939CC04E1EAB2ED400FA795E /* Info.plist */,
			);
			path = SwiftyBolts;
			sourceTree = "<group>";
		};
		939CC0571EAB2ED400FA795E /* SwiftyBoltsTests */ = {
			isa = PBXGroup;
			children = (
				939CC0581EAB2ED400FA795E /* SwiftyBoltsTests.swift */,
				939CC05A1EAB2ED400FA795E /* Info.plist */,
			);
			path = SwiftyBoltsTests;
			sourceTree = "<group>";
		};
		939CC0651EAB396A00FA795E /* Frameworks */ = {
			isa = PBXGroup;
			children = (
				939CC0661EAB396A00FA795E /* Bolts.framework */,
			);
			name = Frameworks;
			sourceTree = "<group>";
		};
		939CC0681EAB397E00FA795E /* Sources */ = {
			isa = PBXGroup;
			children = (
				939CC0691EAB397E00FA795E /* SwiftyBolts */,
			);
			path = Sources;
			sourceTree = SOURCE_ROOT;
		};
		939CC0691EAB397E00FA795E /* SwiftyBolts */ = {
			isa = PBXGroup;
			children = (
				939CC06A1EAB397E00FA795E /* SwiftyBolts.swift */,
			);
			path = SwiftyBolts;
			sourceTree = "<group>";
		};
/* End PBXGroup section */

/* Begin PBXHeadersBuildPhase section */
		939CC0471EAB2ED400FA795E /* Headers */ = {
			isa = PBXHeadersBuildPhase;
			buildActionMask = 2147483647;
			files = (
				939CC05B1EAB2ED400FA795E /* SwiftyBolts.h in Headers */,
			);
			runOnlyForDeploymentPostprocessing = 0;
		};
/* End PBXHeadersBuildPhase section */

/* Begin PBXNativeTarget section */
		939CC0491EAB2ED400FA795E /* SwiftyBolts */ = {
			isa = PBXNativeTarget;
			buildConfigurationList = 939CC05E1EAB2ED400FA795E /* Build configuration list for PBXNativeTarget "SwiftyBolts" */;
			buildPhases = (
				939CC0451EAB2ED400FA795E /* Sources */,
				939CC0461EAB2ED400FA795E /* Frameworks */,
				939CC0471EAB2ED400FA795E /* Headers */,
				939CC0481EAB2ED400FA795E /* Resources */,
			);
			buildRules = (
			);
			dependencies = (
			);
			name = SwiftyBolts;
			productName = SwiftyBolts;
			productReference = 939CC04A1EAB2ED400FA795E /* SwiftyBolts.framework */;
			productType = "com.apple.product-type.framework";
		};
		939CC0521EAB2ED400FA795E /* SwiftyBoltsTests */ = {
			isa = PBXNativeTarget;
			buildConfigurationList = 939CC0611EAB2ED400FA795E /* Build configuration list for PBXNativeTarget "SwiftyBoltsTests" */;
			buildPhases = (
				939CC04F1EAB2ED400FA795E /* Sources */,
				939CC0501EAB2ED400FA795E /* Frameworks */,
				939CC0511EAB2ED400FA795E /* Resources */,
			);
			buildRules = (
			);
			dependencies = (
				939CC0561EAB2ED400FA795E /* PBXTargetDependency */,
			);
			name = SwiftyBoltsTests;
			productName = SwiftyBoltsTests;
			productReference = 939CC0531EAB2ED400FA795E /* SwiftyBoltsTests.xctest */;
			productType = "com.apple.product-type.bundle.unit-test";
		};
/* End PBXNativeTarget section */

/* Begin PBXProject section */
		939CC0411EAB2ED400FA795E /* Project object */ = {
			isa = PBXProject;
			attributes = {
				LastSwiftUpdateCheck = 0830;
				LastUpgradeCheck = 0830;
				ORGANIZATIONNAME = sasakky;
				TargetAttributes = {
					939CC0491EAB2ED400FA795E = {
						CreatedOnToolsVersion = 8.3.2;
						ProvisioningStyle = Automatic;
					};
					939CC0521EAB2ED400FA795E = {
						CreatedOnToolsVersion = 8.3.2;
						ProvisioningStyle = Automatic;
					};
				};
			};
			buildConfigurationList = 939CC0441EAB2ED400FA795E /* Build configuration list for PBXProject "SwiftyBolts" */;
			compatibilityVersion = "Xcode 3.2";
			developmentRegion = English;
			hasScannedForEncodings = 0;
			knownRegions = (
				en,
			);
			mainGroup = 939CC0401EAB2ED400FA795E;
			productRefGroup = 939CC04B1EAB2ED400FA795E /* Products */;
			projectDirPath = "";
			projectRoot = "";
			targets = (
				939CC0491EAB2ED400FA795E /* SwiftyBolts */,
				939CC0521EAB2ED400FA795E /* SwiftyBoltsTests */,
			);
		};
/* End PBXProject section */

/* Begin PBXResourcesBuildPhase section */
		939CC0481EAB2ED400FA795E /* Resources */ = {
			isa = PBXResourcesBuildPhase;
			buildActionMask = 2147483647;
			files = (
			);
			runOnlyForDeploymentPostprocessing = 0;
		};
		939CC0511EAB2ED400FA795E /* Resources */ = {
			isa = PBXResourcesBuildPhase;
			buildActionMask = 2147483647;
			files = (
			);
			runOnlyForDeploymentPostprocessing = 0;
		};
/* End PBXResourcesBuildPhase section */

/* Begin PBXSourcesBuildPhase section */
		939CC0451EAB2ED400FA795E /* Sources */ = {
			isa = PBXSourcesBuildPhase;
			buildActionMask = 2147483647;
			files = (
				939CC06B1EAB397E00FA795E /* SwiftyBolts.swift in Sources */,
			);
			runOnlyForDeploymentPostprocessing = 0;
		};
		939CC04F1EAB2ED400FA795E /* Sources */ = {
			isa = PBXSourcesBuildPhase;
			buildActionMask = 2147483647;
			files = (
				939CC0591EAB2ED400FA795E /* SwiftyBoltsTests.swift in Sources */,
			);
			runOnlyForDeploymentPostprocessing = 0;
		};
/* End PBXSourcesBuildPhase section */

/* Begin PBXTargetDependency section */
		939CC0561EAB2ED400FA795E /* PBXTargetDependency */ = {
			isa = PBXTargetDependency;
			target = 939CC0491EAB2ED400FA795E /* SwiftyBolts */;
			targetProxy = 939CC0551EAB2ED400FA795E /* PBXContainerItemProxy */;
		};
/* End PBXTargetDependency section */

/* Begin XCBuildConfiguration section */
		939CC05C1EAB2ED400FA795E /* Debug */ = {
			isa = XCBuildConfiguration;
			buildSettings = {
				ALWAYS_SEARCH_USER_PATHS = NO;
				CLANG_ANALYZER_NONNULL = YES;
				CLANG_ANALYZER_NUMBER_OBJECT_CONVERSION = YES_AGGRESSIVE;
				CLANG_CXX_LANGUAGE_STANDARD = "gnu++0x";
				CLANG_CXX_LIBRARY = "libc++";
				CLANG_ENABLE_MODULES = YES;
				CLANG_ENABLE_OBJC_ARC = YES;
				CLANG_WARN_BOOL_CONVERSION = YES;
				CLANG_WARN_CONSTANT_CONVERSION = YES;
				CLANG_WARN_DIRECT_OBJC_ISA_USAGE = YES_ERROR;
				CLANG_WARN_DOCUMENTATION_COMMENTS = YES;
				CLANG_WARN_EMPTY_BODY = YES;
				CLANG_WARN_ENUM_CONVERSION = YES;
				CLANG_WARN_INFINITE_RECURSION = YES;
				CLANG_WARN_INT_CONVERSION = YES;
				CLANG_WARN_OBJC_ROOT_CLASS = YES_ERROR;
				CLANG_WARN_SUSPICIOUS_MOVE = YES;
				CLANG_WARN_UNREACHABLE_CODE = YES;
				CLANG_WARN__DUPLICATE_METHOD_MATCH = YES;
				"CODE_SIGN_IDENTITY[sdk=iphoneos*]" = "iPhone Developer";
				COPY_PHASE_STRIP = NO;
				CURRENT_PROJECT_VERSION = 1;
				DEBUG_INFORMATION_FORMAT = dwarf;
				ENABLE_STRICT_OBJC_MSGSEND = YES;
				ENABLE_TESTABILITY = YES;
				GCC_C_LANGUAGE_STANDARD = gnu99;
				GCC_DYNAMIC_NO_PIC = NO;
				GCC_NO_COMMON_BLOCKS = YES;
				GCC_OPTIMIZATION_LEVEL = 0;
				GCC_PREPROCESSOR_DEFINITIONS = (
					"DEBUG=1",
					"$(inherited)",
				);
				GCC_WARN_64_TO_32_BIT_CONVERSION = YES;
				GCC_WARN_ABOUT_RETURN_TYPE = YES_ERROR;
				GCC_WARN_UNDECLARED_SELECTOR = YES;
				GCC_WARN_UNINITIALIZED_AUTOS = YES_AGGRESSIVE;
				GCC_WARN_UNUSED_FUNCTION = YES;
				GCC_WARN_UNUSED_VARIABLE = YES;
				IPHONEOS_DEPLOYMENT_TARGET = 10.3;
				MTL_ENABLE_DEBUG_INFO = YES;
				ONLY_ACTIVE_ARCH = YES;
				SDKROOT = iphoneos;
				SWIFT_ACTIVE_COMPILATION_CONDITIONS = DEBUG;
				SWIFT_OPTIMIZATION_LEVEL = "-Onone";
				TARGETED_DEVICE_FAMILY = "1,2";
				VERSIONING_SYSTEM = "apple-generic";
				VERSION_INFO_PREFIX = "";
			};
			name = Debug;
		};
		939CC05D1EAB2ED400FA795E /* Release */ = {
			isa = XCBuildConfiguration;
			buildSettings = {
				ALWAYS_SEARCH_USER_PATHS = NO;
				CLANG_ANALYZER_NONNULL = YES;
				CLANG_ANALYZER_NUMBER_OBJECT_CONVERSION = YES_AGGRESSIVE;
				CLANG_CXX_LANGUAGE_STANDARD = "gnu++0x";
				CLANG_CXX_LIBRARY = "libc++";
				CLANG_ENABLE_MODULES = YES;
				CLANG_ENABLE_OBJC_ARC = YES;
				CLANG_WARN_BOOL_CONVERSION = YES;
				CLANG_WARN_CONSTANT_CONVERSION = YES;
				CLANG_WARN_DIRECT_OBJC_ISA_USAGE = YES_ERROR;
				CLANG_WARN_DOCUMENTATION_COMMENTS = YES;
				CLANG_WARN_EMPTY_BODY = YES;
				CLANG_WARN_ENUM_CONVERSION = YES;
				CLANG_WARN_INFINITE_RECURSION = YES;
				CLANG_WARN_INT_CONVERSION = YES;
				CLANG_WARN_OBJC_ROOT_CLASS = YES_ERROR;
				CLANG_WARN_SUSPICIOUS_MOVE = YES;
				CLANG_WARN_UNREACHABLE_CODE = YES;
				CLANG_WARN__DUPLICATE_METHOD_MATCH = YES;
				"CODE_SIGN_IDENTITY[sdk=iphoneos*]" = "iPhone Developer";
				COPY_PHASE_STRIP = NO;
				CURRENT_PROJECT_VERSION = 1;
				DEBUG_INFORMATION_FORMAT = "dwarf-with-dsym";
				ENABLE_NS_ASSERTIONS = NO;
				ENABLE_STRICT_OBJC_MSGSEND = YES;
				GCC_C_LANGUAGE_STANDARD = gnu99;
				GCC_NO_COMMON_BLOCKS = YES;
				GCC_WARN_64_TO_32_BIT_CONVERSION = YES;
				GCC_WARN_ABOUT_RETURN_TYPE = YES_ERROR;
				GCC_WARN_UNDECLARED_SELECTOR = YES;
				GCC_WARN_UNINITIALIZED_AUTOS = YES_AGGRESSIVE;
				GCC_WARN_UNUSED_FUNCTION = YES;
				GCC_WARN_UNUSED_VARIABLE = YES;
				IPHONEOS_DEPLOYMENT_TARGET = 10.3;
				MTL_ENABLE_DEBUG_INFO = NO;
				SDKROOT = iphoneos;
				SWIFT_OPTIMIZATION_LEVEL = "-Owholemodule";
				TARGETED_DEVICE_FAMILY = "1,2";
				VALIDATE_PRODUCT = YES;
				VERSIONING_SYSTEM = "apple-generic";
				VERSION_INFO_PREFIX = "";
			};
			name = Release;
		};
		939CC05F1EAB2ED400FA795E /* Debug */ = {
			isa = XCBuildConfiguration;
			buildSettings = {
				CODE_SIGN_IDENTITY = "";
				DEFINES_MODULE = YES;
				DYLIB_COMPATIBILITY_VERSION = 1;
				DYLIB_CURRENT_VERSION = 1;
				DYLIB_INSTALL_NAME_BASE = "@rpath";
				FRAMEWORK_SEARCH_PATHS = (
					"$(inherited)",
					"$(PROJECT_DIR)/Carthage/Build/iOS",
				);
				INFOPLIST_FILE = SwiftyBolts/Info.plist;
				INSTALL_PATH = "$(LOCAL_LIBRARY_DIR)/Frameworks";
				IPHONEOS_DEPLOYMENT_TARGET = 8.0;
				LD_RUNPATH_SEARCH_PATHS = "$(inherited) @executable_path/Frameworks @loader_path/Frameworks";
				PRODUCT_BUNDLE_IDENTIFIER = jp.sasakky.SwiftyBolts;
				PRODUCT_NAME = "$(TARGET_NAME)";
				SKIP_INSTALL = YES;
				SWIFT_VERSION = 3.0;
			};
			name = Debug;
		};
		939CC0601EAB2ED400FA795E /* Release */ = {
			isa = XCBuildConfiguration;
			buildSettings = {
				CODE_SIGN_IDENTITY = "";
				DEFINES_MODULE = YES;
				DYLIB_COMPATIBILITY_VERSION = 1;
				DYLIB_CURRENT_VERSION = 1;
				DYLIB_INSTALL_NAME_BASE = "@rpath";
				FRAMEWORK_SEARCH_PATHS = (
					"$(inherited)",
					"$(PROJECT_DIR)/Carthage/Build/iOS",
				);
				INFOPLIST_FILE = SwiftyBolts/Info.plist;
				INSTALL_PATH = "$(LOCAL_LIBRARY_DIR)/Frameworks";
				IPHONEOS_DEPLOYMENT_TARGET = 8.0;
				LD_RUNPATH_SEARCH_PATHS = "$(inherited) @executable_path/Frameworks @loader_path/Frameworks";
				PRODUCT_BUNDLE_IDENTIFIER = jp.sasakky.SwiftyBolts;
				PRODUCT_NAME = "$(TARGET_NAME)";
				SKIP_INSTALL = YES;
				SWIFT_VERSION = 3.0;
			};
			name = Release;
		};
		939CC0621EAB2ED400FA795E /* Debug */ = {
			isa = XCBuildConfiguration;
			buildSettings = {
				ALWAYS_EMBED_SWIFT_STANDARD_LIBRARIES = YES;
				FRAMEWORK_SEARCH_PATHS = (
					"$(inherited)",
					"$(PROJECT_DIR)/Carthage/Build/iOS",
				);
				INFOPLIST_FILE = SwiftyBoltsTests/Info.plist;
				LD_RUNPATH_SEARCH_PATHS = "$(inherited) @executable_path/Frameworks @loader_path/Frameworks $(PROJECT_DIR)/Carthage/Build/iOS";
				PRODUCT_BUNDLE_IDENTIFIER = jp.sasakky.SwiftyBoltsTests;
				PRODUCT_NAME = "$(TARGET_NAME)";
				SWIFT_VERSION = 3.0;
			};
			name = Debug;
		};
		939CC0631EAB2ED400FA795E /* Release */ = {
			isa = XCBuildConfiguration;
			buildSettings = {
				ALWAYS_EMBED_SWIFT_STANDARD_LIBRARIES = YES;
				FRAMEWORK_SEARCH_PATHS = (
					"$(inherited)",
					"$(PROJECT_DIR)/Carthage/Build/iOS",
				);
				INFOPLIST_FILE = SwiftyBoltsTests/Info.plist;
				LD_RUNPATH_SEARCH_PATHS = "$(inherited) @executable_path/Frameworks @loader_path/Frameworks $(PROJECT_DIR)/Carthage/Build/iOS";
				PRODUCT_BUNDLE_IDENTIFIER = jp.sasakky.SwiftyBoltsTests;
				PRODUCT_NAME = "$(TARGET_NAME)";
				SWIFT_VERSION = 3.0;
			};
			name = Release;
		};
/* End XCBuildConfiguration section */

/* Begin XCConfigurationList section */
		939CC0441EAB2ED400FA795E /* Build configuration list for PBXProject "SwiftyBolts" */ = {
			isa = XCConfigurationList;
			buildConfigurations = (
				939CC05C1EAB2ED400FA795E /* Debug */,
				939CC05D1EAB2ED400FA795E /* Release */,
			);
			defaultConfigurationIsVisible = 0;
			defaultConfigurationName = Release;
		};
		939CC05E1EAB2ED400FA795E /* Build configuration list for PBXNativeTarget "SwiftyBolts" */ = {
			isa = XCConfigurationList;
			buildConfigurations = (
				939CC05F1EAB2ED400FA795E /* Debug */,
				939CC0601EAB2ED400FA795E /* Release */,
			);
			defaultConfigurationIsVisible = 0;
			defaultConfigurationName = Release;
		};
		939CC0611EAB2ED400FA795E /* Build configuration list for PBXNativeTarget "SwiftyBoltsTests" */ = {
			isa = XCConfigurationList;
			buildConfigurations = (
				939CC0621EAB2ED400FA795E /* Debug */,
				939CC0631EAB2ED400FA795E /* Release */,
			);
			defaultConfigurationIsVisible = 0;
			defaultConfigurationName = Release;
		};
/* End XCConfigurationList section */
	};
	rootObject = 939CC0411EAB2ED400FA795E /* Project object */;
}
